{
  "nodes": {
    "fenix": {
      "inputs": {
        "nixpkgs": [
          "nixpkgs"
        ],
        "rust-analyzer-src": "rust-analyzer-src"
      },
      "locked": {
        "lastModified": 1775979171,
        "narHash": "sha256-Sa55OlPZmi3tS1c2ZCSD+kqQO/NqwvLPG54hLINKPuQ=",
        "owner": "nix-community",
        "repo": "fenix",
        "rev": "0e4230f19840325495ac3e58aabc8cf566072a4f",
        "type": "github"
      },
      "original": {
        "owner": "nix-community",
        "repo": "fenix",
        "type": "github"
      }
    },
    "nixpkgs": {
      "locked": {
        "lastModified": 1775811116,
        "narHash": "sha256-t+HZK42pB6N+i5RGbuy7Xluez/VvWbembBdvzsc23Ss=",
        "owner": "nixos",
        "repo": "nixpkgs",
        "rev": "54170c54449ea4d6725efd30d719c5e505f1c10e",
        "type": "github"
      },
      "original": {
        "owner": "nixos",
        "ref": "nixos-25.11",
        "repo": "nixpkgs",
        "type": "github"
      }
    },
    "root": {
      "inputs": {
        "fenix": "fenix",
        "nixpkgs": "nixpkgs",
        "systems": "systems"
      }
    },
    "rust-analyzer-src": {
      "flake": false,
      "locked": {
        "lastModified": 1775939146,
        "narHash": "sha256-YI8Hkuc2PSEJNwC8Qj3/DlMt1JfRv0MqzrnH/Mh9i5s=",
        "owner": "rust-lang",
        "repo": "rust-analyzer",
        "rev": "09dc7aca674f53032f9d819f6fea01046e3d473f",
        "type": "github"
      },
      "original": {
        "owner": "rust-lang",
        "ref": "nightly",
        "repo": "rust-analyzer",
        "type": "github"
      }
    },
    "systems": {
      "flake": false,
      "locked": {
        "lastModified": 1,
        "narHash": "sha256-ZnKft8ZoyDmRW8feDrENyYQoWmpXjqakk9LL2yMigQg=",
        "path": "internal/systems.nix",
        "type": "path"
      },
      "original": {
        "path": "internal/systems.nix",
        "type": "path"
      }
    }
  },
  "root": "root",
  "version": 7
}
